
Microsoft Visual Studio Solution File, Format Version 12.00
# Visual Studio 15
VisualStudioVersion = 15.0.26124.0
MinimumVisualStudioVersion = 15.0.26124.0
Project("{FAE04EC0-301F-11D3-BF4B-00C04F79EFBC}") = "david_d_friedman.tests", "david_d_friedman.tests\david_d_friedman.tests.csproj", "{1457C4AB-1BD1-4E26-A35E-8453C074081F}"
EndProject
Project("{FAE04EC0-301F-11D3-BF4B-00C04F79EFBC}") = "david_d_friedman", "david_d_friedman\david_d_friedman.csproj", "{3AD090FD-DD49-4573-BFA6-55A6DA08F56C}"
EndProject
Global
	GlobalSection(SolutionConfigurationPlatforms) = preSolution
		Debug|Any CPU = Debug|Any CPU
		Debug|x64 = Debug|x64
		Debug|x86 = Debug|x86
		Release|Any CPU = Release|Any CPU
		Release|x64 = Release|x64
		Release|x86 = Release|x86
	EndGlobalSection
	GlobalSection(SolutionProperties) = preSolution
		HideSolutionNode = FALSE
	EndGlobalSection
	GlobalSection(ProjectConfigurationPlatforms) = postSolution
		{1457C4AB-1BD1-4E26-A35E-8453C074081F}.Debug|Any CPU.ActiveCfg = Debug|Any CPU
		{1457C4AB-1BD1-4E26-A35E-8453C074081F}.Debug|Any CPU.Build.0 = Debug|Any CPU
		{1457C4AB-1BD1-4E26-A35E-8453C074081F}.Debug|x64.ActiveCfg = Debug|x64
		{1457C4AB-1BD1-4E26-A35E-8453C074081F}.Debug|x64.Build.0 = Debug|x64
		{1457C4AB-1BD1-4E26-A35E-8453C074081F}.Debug|x86.ActiveCfg = Debug|x86
		{1457C4AB-1BD1-4E26-A35E-8453C074081F}.Debug|x86.Build.0 = Debug|x86
		{1457C4AB-1BD1-4E26-A35E-8453C074081F}.Release|Any CPU.ActiveCfg = Release|Any CPU
		{1457C4AB-1BD1-4E26-A35E-8453C074081F}.Release|Any CPU.Build.0 = Release|Any CPU
		{1457C4AB-1BD1-4E26-A35E-8453C074081F}.Release|x64.ActiveCfg = Release|x64
		{1457C4AB-1BD1-4E26-A35E-8453C074081F}.Release|x64.Build.0 = Release|x64
		{1457C4AB-1BD1-4E26-A35E-8453C074081F}.Release|x86.ActiveCfg = Release|x86
		{1457C4AB-1BD1-4E26-A35E-8453C074081F}.Release|x86.Build.0 = Release|x86
		{3AD090FD-DD49-4573-BFA6-55A6DA08F56C}.Debug|Any CPU.ActiveCfg = Debug|Any CPU
		{3AD090FD-DD49-4573-BFA6-55A6DA08F56C}.Debug|Any CPU.Build.0 = Debug|Any CPU
		{3AD090FD-DD49-4573-BFA6-55A6DA08F56C}.Debug|x64.ActiveCfg = Debug|x64
		{3AD090FD-DD49-4573-BFA6-55A6DA08F56C}.Debug|x64.Build.0 = Debug|x64
		{3AD090FD-DD49-4573-BFA6-55A6DA08F56C}.Debug|x86.ActiveCfg = Debug|x86
		{3AD090FD-DD49-4573-BFA6-55A6DA08F56C}.Debug|x86.Build.0 = Debug|x86
		{3AD090FD-DD49-4573-BFA6-55A6DA08F56C}.Release|Any CPU.ActiveCfg = Release|Any CPU
		{3AD090FD-DD49-4573-BFA6-55A6DA08F56C}.Release|Any CPU.Build.0 = Release|Any CPU
		{3AD090FD-DD49-4573-BFA6-55A6DA08F56C}.Release|x64.ActiveCfg = Release|x64
		{3AD090FD-DD49-4573-BFA6-55A6DA08F56C}.Release|x64.Build.0 = Release|x64
		{3AD090FD-DD49-4573-BFA6-55A6DA08F56C}.Release|x86.ActiveCfg = Release|x86
		{3AD090FD-DD49-4573-BFA6-55A6DA08F56C}.Release|x86.Build.0 = Release|x86
	EndGlobalSection
EndGlobal
